
Microsoft Visual Studio Solution File, Format Version 12.00
# Visual Studio 14
VisualStudioVersion = 14.0.24720.0
MinimumVisualStudioVersion = 10.0.40219.1
Project("{FAE04EC0-301F-11D3-BF4B-00C04F79EFBC}") = "TodoList.Droid", "TodoList\TodoList.Droid\TodoList.Droid.csproj", "{C5155FF0-0D88-4E22-B005-4765BED1711C}"
EndProject
Project("{FAE04EC0-301F-11D3-BF4B-00C04F79EFBC}") = "TodoList.iOS", "TodoList\TodoList.iOS\TodoList.iOS.csproj", "{0A87A61E-E506-4B3F-B68B-C269007559AE}"
EndProject
Project("{FAE04EC0-301F-11D3-BF4B-00C04F79EFBC}") = "TodoList.WinPhone", "TodoList\TodoList.WinPhone\TodoList.WinPhone.csproj", "{2C1FAB8E-8CA0-4920-8EE7-71A8A96C0330}"
EndProject
Project("{FAE04EC0-301F-11D3-BF4B-00C04F79EFBC}") = "TodoList", "TodoList\TodoList\TodoList.csproj", "{1448AD0A-D9AC-4906-A90C-A658B670BAAE}"
EndProject
Project("{2150E333-8FDC-42A3-9474-1A3956D46DE8}") = "TodoList.XamForms", "TodoList.XamForms", "{260B1B5D-6B9D-4E2C-BFC5-1CD79AC67AE9}"
EndProject
Project("{FAE04EC0-301F-11D3-BF4B-00C04F79EFBC}") = "TodoList.Droid", "TodoList.XamForms\TodoList\TodoList.Droid\TodoList.Droid.csproj", "{19266CE4-CE47-4312-8C19-AAF98295A6CF}"
EndProject
Project("{FAE04EC0-301F-11D3-BF4B-00C04F79EFBC}") = "TodoList.iOS", "TodoList.XamForms\TodoList\TodoList.iOS\TodoList.iOS.csproj", "{83EFF4ED-97AD-492B-8604-944047BF8CDD}"
EndProject
Project("{FAE04EC0-301F-11D3-BF4B-00C04F79EFBC}") = "TodoList.WinPhone", "TodoList.XamForms\TodoList\TodoList.WinPhone\TodoList.WinPhone.csproj", "{28FCC0E7-3EC7-49E2-80AE-3861F61CB46F}"
EndProject
Project("{FAE04EC0-301F-11D3-BF4B-00C04F79EFBC}") = "TodoList.UWP", "TodoList.XamForms\TodoList\TodoList.UWP\TodoList.UWP.csproj", "{63E10646-EB01-4560-A980-364ACB0F85EF}"
EndProject
Project("{FAE04EC0-301F-11D3-BF4B-00C04F79EFBC}") = "TodoList.Windows", "TodoList.XamForms\TodoList\TodoList.Windows\TodoList.Windows.csproj", "{57498D61-AC87-490A-A716-AB63AB61EBEC}"
EndProject
Project("{FAE04EC0-301F-11D3-BF4B-00C04F79EFBC}") = "TodoList", "TodoList.XamForms\TodoList\TodoList\TodoList.csproj", "{0974A4F3-19BE-44CF-83F7-5813844F617F}"
EndProject
Project("{2150E333-8FDC-42A3-9474-1A3956D46DE8}") = "TodoList.Native", "TodoList.Native", "{D533B9A1-8485-40DC-B775-44435CA83BE2}"
EndProject
Global
	GlobalSection(SolutionConfigurationPlatforms) = preSolution
		Ad-Hoc|Any CPU = Ad-Hoc|Any CPU
		Ad-Hoc|ARM = Ad-Hoc|ARM
		Ad-Hoc|iPhone = Ad-Hoc|iPhone
		Ad-Hoc|iPhoneSimulator = Ad-Hoc|iPhoneSimulator
		Ad-Hoc|x64 = Ad-Hoc|x64
		Ad-Hoc|x86 = Ad-Hoc|x86
		AppStore|Any CPU = AppStore|Any CPU
		AppStore|ARM = AppStore|ARM
		AppStore|iPhone = AppStore|iPhone
		AppStore|iPhoneSimulator = AppStore|iPhoneSimulator
		AppStore|x64 = AppStore|x64
		AppStore|x86 = AppStore|x86
		Debug|Any CPU = Debug|Any CPU
		Debug|ARM = Debug|ARM
		Debug|iPhone = Debug|iPhone
		Debug|iPhoneSimulator = Debug|iPhoneSimulator
		Debug|x64 = Debug|x64
		Debug|x86 = Debug|x86
		Release|Any CPU = Release|Any CPU
		Release|ARM = Release|ARM
		Release|iPhone = Release|iPhone
		Release|iPhoneSimulator = Release|iPhoneSimulator
		Release|x64 = Release|x64
		Release|x86 = Release|x86
	EndGlobalSection
	GlobalSection(ProjectConfigurationPlatforms) = postSolution
		{C5155FF0-0D88-4E22-B005-4765BED1711C}.Ad-Hoc|Any CPU.ActiveCfg = Debug|Any CPU
		{C5155FF0-0D88-4E22-B005-4765BED1711C}.Ad-Hoc|Any CPU.Build.0 = Debug|Any CPU
		{C5155FF0-0D88-4E22-B005-4765BED1711C}.Ad-Hoc|Any CPU.Deploy.0 = Debug|Any CPU
		{C5155FF0-0D88-4E22-B005-4765BED1711C}.Ad-Hoc|ARM.ActiveCfg = Debug|Any CPU
		{C5155FF0-0D88-4E22-B005-4765BED1711C}.Ad-Hoc|ARM.Build.0 = Debug|Any CPU
		{C5155FF0-0D88-4E22-B005-4765BED1711C}.Ad-Hoc|ARM.Deploy.0 = Debug|Any CPU
		{C5155FF0-0D88-4E22-B005-4765BED1711C}.Ad-Hoc|iPhone.ActiveCfg = Debug|Any CPU
		{C5155FF0-0D88-4E22-B005-4765BED1711C}.Ad-Hoc|iPhone.Build.0 = Debug|Any CPU
		{C5155FF0-0D88-4E22-B005-4765BED1711C}.Ad-Hoc|iPhone.Deploy.0 = Debug|Any CPU
		{C5155FF0-0D88-4E22-B005-4765BED1711C}.Ad-Hoc|iPhoneSimulator.ActiveCfg = Debug|Any CPU
		{C5155FF0-0D88-4E22-B005-4765BED1711C}.Ad-Hoc|iPhoneSimulator.Build.0 = Debug|Any CPU
		{C5155FF0-0D88-4E22-B005-4765BED1711C}.Ad-Hoc|iPhoneSimulator.Deploy.0 = Debug|Any CPU
		{C5155FF0-0D88-4E22-B005-4765BED1711C}.Ad-Hoc|x64.ActiveCfg = Debug|Any CPU
		{C5155FF0-0D88-4E22-B005-4765BED1711C}.Ad-Hoc|x64.Build.0 = Debug|Any CPU
		{C5155FF0-0D88-4E22-B005-4765BED1711C}.Ad-Hoc|x64.Deploy.0 = Debug|Any CPU
		{C5155FF0-0D88-4E22-B005-4765BED1711C}.Ad-Hoc|x86.ActiveCfg = Debug|Any CPU
		{C5155FF0-0D88-4E22-B005-4765BED1711C}.Ad-Hoc|x86.Build.0 = Debug|Any CPU
		{C5155FF0-0D88-4E22-B005-4765BED1711C}.Ad-Hoc|x86.Deploy.0 = Debug|Any CPU
		{C5155FF0-0D88-4E22-B005-4765BED1711C}.AppStore|Any CPU.ActiveCfg = Release|Any CPU
		{C5155FF0-0D88-4E22-B005-4765BED1711C}.AppStore|Any CPU.Build.0 = Release|Any CPU
		{C5155FF0-0D88-4E22-B005-4765BED1711C}.AppStore|Any CPU.Deploy.0 = Release|Any CPU
		{C5155FF0-0D88-4E22-B005-4765BED1711C}.AppStore|ARM.ActiveCfg = Release|Any CPU
		{C5155FF0-0D88-4E22-B005-4765BED1711C}.AppStore|ARM.Build.0 = Release|Any CPU
		{C5155FF0-0D88-4E22-B005-4765BED1711C}.AppStore|ARM.Deploy.0 = Release|Any CPU
		{C5155FF0-0D88-4E22-B005-4765BED1711C}.AppStore|iPhone.ActiveCfg = Release|Any CPU
		{C5155FF0-0D88-4E22-B005-4765BED1711C}.AppStore|iPhone.Build.0 = Release|Any CPU
		{C5155FF0-0D88-4E22-B005-4765BED1711C}.AppStore|iPhone.Deploy.0 = Release|Any CPU
		{C5155FF0-0D88-4E22-B005-4765BED1711C}.AppStore|iPhoneSimulator.ActiveCfg = Release|Any CPU
		{C5155FF0-0D88-4E22-B005-4765BED1711C}.AppStore|iPhoneSimulator.Build.0 = Release|Any CPU
		{C5155FF0-0D88-4E22-B005-4765BED1711C}.AppStore|iPhoneSimulator.Deploy.0 = Release|Any CPU
		{C5155FF0-0D88-4E22-B005-4765BED1711C}.AppStore|x64.ActiveCfg = Debug|Any CPU
		{C5155FF0-0D88-4E22-B005-4765BED1711C}.AppStore|x64.Build.0 = Debug|Any CPU
		{C5155FF0-0D88-4E22-B005-4765BED1711C}.AppStore|x64.Deploy.0 = Debug|Any CPU
		{C5155FF0-0D88-4E22-B005-4765BED1711C}.AppStore|x86.ActiveCfg = Release|Any CPU
		{C5155FF0-0D88-4E22-B005-4765BED1711C}.AppStore|x86.Build.0 = Release|Any CPU
		{C5155FF0-0D88-4E22-B005-4765BED1711C}.AppStore|x86.Deploy.0 = Release|Any CPU
		{C5155FF0-0D88-4E22-B005-4765BED1711C}.Debug|Any CPU.ActiveCfg = Debug|Any CPU
		{C5155FF0-0D88-4E22-B005-4765BED1711C}.Debug|Any CPU.Build.0 = Debug|Any CPU
		{C5155FF0-0D88-4E22-B005-4765BED1711C}.Debug|Any CPU.Deploy.0 = Debug|Any CPU
		{C5155FF0-0D88-4E22-B005-4765BED1711C}.Debug|ARM.ActiveCfg = Debug|Any CPU
		{C5155FF0-0D88-4E22-B005-4765BED1711C}.Debug|ARM.Build.0 = Debug|Any CPU
		{C5155FF0-0D88-4E22-B005-4765BED1711C}.Debug|ARM.Deploy.0 = Debug|Any CPU
		{C5155FF0-0D88-4E22-B005-4765BED1711C}.Debug|iPhone.ActiveCfg = Debug|Any CPU
		{C5155FF0-0D88-4E22-B005-4765BED1711C}.Debug|iPhone.Build.0 = Debug|Any CPU
		{C5155FF0-0D88-4E22-B005-4765BED1711C}.Debug|iPhone.Deploy.0 = Debug|Any CPU
		{C5155FF0-0D88-4E22-B005-4765BED1711C}.Debug|iPhoneSimulator.ActiveCfg = Debug|Any CPU
		{C5155FF0-0D88-4E22-B005-4765BED1711C}.Debug|iPhoneSimulator.Build.0 = Debug|Any CPU
		{C5155FF0-0D88-4E22-B005-4765BED1711C}.Debug|iPhoneSimulator.Deploy.0 = Debug|Any CPU
		{C5155FF0-0D88-4E22-B005-4765BED1711C}.Debug|x64.ActiveCfg = Debug|Any CPU
		{C5155FF0-0D88-4E22-B005-4765BED1711C}.Debug|x64.Build.0 = Debug|Any CPU
		{C5155FF0-0D88-4E22-B005-4765BED1711C}.Debug|x64.Deploy.0 = Debug|Any CPU
		{C5155FF0-0D88-4E22-B005-4765BED1711C}.Debug|x86.ActiveCfg = Debug|Any CPU
		{C5155FF0-0D88-4E22-B005-4765BED1711C}.Debug|x86.Build.0 = Debug|Any CPU
		{C5155FF0-0D88-4E22-B005-4765BED1711C}.Debug|x86.Deploy.0 = Debug|Any CPU
		{C5155FF0-0D88-4E22-B005-4765BED1711C}.Release|Any CPU.ActiveCfg = Release|Any CPU
		{C5155FF0-0D88-4E22-B005-4765BED1711C}.Release|Any CPU.Build.0 = Release|Any CPU
		{C5155FF0-0D88-4E22-B005-4765BED1711C}.Release|Any CPU.Deploy.0 = Release|Any CPU
		{C5155FF0-0D88-4E22-B005-4765BED1711C}.Release|ARM.ActiveCfg = Release|Any CPU
		{C5155FF0-0D88-4E22-B005-4765BED1711C}.Release|ARM.Build.0 = Release|Any CPU
		{C5155FF0-0D88-4E22-B005-4765BED1711C}.Release|ARM.Deploy.0 = Release|Any CPU
		{C5155FF0-0D88-4E22-B005-4765BED1711C}.Release|iPhone.ActiveCfg = Release|Any CPU
		{C5155FF0-0D88-4E22-B005-4765BED1711C}.Release|iPhone.Build.0 = Release|Any CPU
		{C5155FF0-0D88-4E22-B005-4765BED1711C}.Release|iPhone.Deploy.0 = Release|Any CPU
		{C5155FF0-0D88-4E22-B005-4765BED1711C}.Release|iPhoneSimulator.ActiveCfg = Release|Any CPU
		{C5155FF0-0D88-4E22-B005-4765BED1711C}.Release|iPhoneSimulator.Build.0 = Release|Any CPU
		{C5155FF0-0D88-4E22-B005-4765BED1711C}.Release|iPhoneSimulator.Deploy.0 = Release|Any CPU
		{C5155FF0-0D88-4E22-B005-4765BED1711C}.Release|x64.ActiveCfg = Release|Any CPU
		{C5155FF0-0D88-4E22-B005-4765BED1711C}.Release|x64.Build.0 = Release|Any CPU
		{C5155FF0-0D88-4E22-B005-4765BED1711C}.Release|x64.Deploy.0 = Release|Any CPU
		{C5155FF0-0D88-4E22-B005-4765BED1711C}.Release|x86.ActiveCfg = Release|Any CPU
		{C5155FF0-0D88-4E22-B005-4765BED1711C}.Release|x86.Build.0 = Release|Any CPU
		{C5155FF0-0D88-4E22-B005-4765BED1711C}.Release|x86.Deploy.0 = Release|Any CPU
		{0A87A61E-E506-4B3F-B68B-C269007559AE}.Ad-Hoc|Any CPU.ActiveCfg = Release|iPhoneSimulator
		{0A87A61E-E506-4B3F-B68B-C269007559AE}.Ad-Hoc|Any CPU.Build.0 = Release|iPhoneSimulator
		{0A87A61E-E506-4B3F-B68B-C269007559AE}.Ad-Hoc|ARM.ActiveCfg = Release|iPhoneSimulator
		{0A87A61E-E506-4B3F-B68B-C269007559AE}.Ad-Hoc|ARM.Build.0 = Release|iPhoneSimulator
		{0A87A61E-E506-4B3F-B68B-C269007559AE}.Ad-Hoc|iPhone.ActiveCfg = AppStore|iPhone
		{0A87A61E-E506-4B3F-B68B-C269007559AE}.Ad-Hoc|iPhone.Build.0 = AppStore|iPhone
		{0A87A61E-E506-4B3F-B68B-C269007559AE}.Ad-Hoc|iPhoneSimulator.ActiveCfg = AppStore|iPhoneSimulator
		{0A87A61E-E506-4B3F-B68B-C269007559AE}.Ad-Hoc|iPhoneSimulator.Build.0 = AppStore|iPhoneSimulator
		{0A87A61E-E506-4B3F-B68B-C269007559AE}.Ad-Hoc|x64.ActiveCfg = Release|iPhoneSimulator
		{0A87A61E-E506-4B3F-B68B-C269007559AE}.Ad-Hoc|x64.Build.0 = Release|iPhoneSimulator
		{0A87A61E-E506-4B3F-B68B-C269007559AE}.Ad-Hoc|x86.ActiveCfg = Release|iPhoneSimulator
		{0A87A61E-E506-4B3F-B68B-C269007559AE}.Ad-Hoc|x86.Build.0 = Release|iPhoneSimulator
		{0A87A61E-E506-4B3F-B68B-C269007559AE}.AppStore|Any CPU.ActiveCfg = AppStore|iPhone
		{0A87A61E-E506-4B3F-B68B-C269007559AE}.AppStore|ARM.ActiveCfg = AppStore|iPhone
		{0A87A61E-E506-4B3F-B68B-C269007559AE}.AppStore|iPhone.ActiveCfg = AppStore|iPhone
		{0A87A61E-E506-4B3F-B68B-C269007559AE}.AppStore|iPhone.Build.0 = AppStore|iPhone
		{0A87A61E-E506-4B3F-B68B-C269007559AE}.AppStore|iPhoneSimulator.ActiveCfg = AppStore|iPhoneSimulator
		{0A87A61E-E506-4B3F-B68B-C269007559AE}.AppStore|iPhoneSimulator.Build.0 = AppStore|iPhoneSimulator
		{0A87A61E-E506-4B3F-B68B-C269007559AE}.AppStore|x64.ActiveCfg = AppStore|iPhoneSimulator
		{0A87A61E-E506-4B3F-B68B-C269007559AE}.AppStore|x86.ActiveCfg = AppStore|iPhone
		{0A87A61E-E506-4B3F-B68B-C269007559AE}.Debug|Any CPU.ActiveCfg = Debug|iPhone
		{0A87A61E-E506-4B3F-B68B-C269007559AE}.Debug|ARM.ActiveCfg = Debug|iPhone
		{0A87A61E-E506-4B3F-B68B-C269007559AE}.Debug|iPhone.ActiveCfg = Debug|iPhone
		{0A87A61E-E506-4B3F-B68B-C269007559AE}.Debug|iPhone.Build.0 = Debug|iPhone
		{0A87A61E-E506-4B3F-B68B-C269007559AE}.Debug|iPhoneSimulator.ActiveCfg = Debug|iPhoneSimulator
		{0A87A61E-E506-4B3F-B68B-C269007559AE}.Debug|iPhoneSimulator.Build.0 = Debug|iPhoneSimulator
		{0A87A61E-E506-4B3F-B68B-C269007559AE}.Debug|x64.ActiveCfg = Debug|iPhoneSimulator
		{0A87A61E-E506-4B3F-B68B-C269007559AE}.Debug|x86.ActiveCfg = Debug|iPhone
		{0A87A61E-E506-4B3F-B68B-C269007559AE}.Release|Any CPU.ActiveCfg = Release|iPhone
		{0A87A61E-E506-4B3F-B68B-C269007559AE}.Release|ARM.ActiveCfg = Release|iPhone
		{0A87A61E-E506-4B3F-B68B-C269007559AE}.Release|iPhone.ActiveCfg = Release|iPhone
		{0A87A61E-E506-4B3F-B68B-C269007559AE}.Release|iPhone.Build.0 = Release|iPhone
		{0A87A61E-E506-4B3F-B68B-C269007559AE}.Release|iPhoneSimulator.ActiveCfg = Release|iPhoneSimulator
		{0A87A61E-E506-4B3F-B68B-C269007559AE}.Release|iPhoneSimulator.Build.0 = Release|iPhoneSimulator
		{0A87A61E-E506-4B3F-B68B-C269007559AE}.Release|x64.ActiveCfg = Release|iPhoneSimulator
		{0A87A61E-E506-4B3F-B68B-C269007559AE}.Release|x86.ActiveCfg = Release|iPhone
		{2C1FAB8E-8CA0-4920-8EE7-71A8A96C0330}.Ad-Hoc|Any CPU.ActiveCfg = Debug|Any CPU
		{2C1FAB8E-8CA0-4920-8EE7-71A8A96C0330}.Ad-Hoc|Any CPU.Build.0 = Debug|Any CPU
		{2C1FAB8E-8CA0-4920-8EE7-71A8A96C0330}.Ad-Hoc|Any CPU.Deploy.0 = Debug|Any CPU
		{2C1FAB8E-8CA0-4920-8EE7-71A8A96C0330}.Ad-Hoc|ARM.ActiveCfg = Debug|ARM
		{2C1FAB8E-8CA0-4920-8EE7-71A8A96C0330}.Ad-Hoc|ARM.Build.0 = Debug|ARM
		{2C1FAB8E-8CA0-4920-8EE7-71A8A96C0330}.Ad-Hoc|ARM.Deploy.0 = Debug|ARM
		{2C1FAB8E-8CA0-4920-8EE7-71A8A96C0330}.Ad-Hoc|iPhone.ActiveCfg = Debug|Any CPU
		{2C1FAB8E-8CA0-4920-8EE7-71A8A96C0330}.Ad-Hoc|iPhone.Build.0 = Debug|Any CPU
		{2C1FAB8E-8CA0-4920-8EE7-71A8A96C0330}.Ad-Hoc|iPhone.Deploy.0 = Debug|Any CPU
		{2C1FAB8E-8CA0-4920-8EE7-71A8A96C0330}.Ad-Hoc|iPhoneSimulator.ActiveCfg = Debug|Any CPU
		{2C1FAB8E-8CA0-4920-8EE7-71A8A96C0330}.Ad-Hoc|iPhoneSimulator.Build.0 = Debug|Any CPU
		{2C1FAB8E-8CA0-4920-8EE7-71A8A96C0330}.Ad-Hoc|iPhoneSimulator.Deploy.0 = Debug|Any CPU
		{2C1FAB8E-8CA0-4920-8EE7-71A8A96C0330}.Ad-Hoc|x64.ActiveCfg = Debug|Any CPU
		{2C1FAB8E-8CA0-4920-8EE7-71A8A96C0330}.Ad-Hoc|x64.Build.0 = Debug|Any CPU
		{2C1FAB8E-8CA0-4920-8EE7-71A8A96C0330}.Ad-Hoc|x64.Deploy.0 = Debug|Any CPU
		{2C1FAB8E-8CA0-4920-8EE7-71A8A96C0330}.Ad-Hoc|x86.ActiveCfg = Debug|x86
		{2C1FAB8E-8CA0-4920-8EE7-71A8A96C0330}.Ad-Hoc|x86.Build.0 = Debug|x86
		{2C1FAB8E-8CA0-4920-8EE7-71A8A96C0330}.Ad-Hoc|x86.Deploy.0 = Debug|x86
		{2C1FAB8E-8CA0-4920-8EE7-71A8A96C0330}.AppStore|Any CPU.ActiveCfg = Release|Any CPU
		{2C1FAB8E-8CA0-4920-8EE7-71A8A96C0330}.AppStore|Any CPU.Build.0 = Release|Any CPU
		{2C1FAB8E-8CA0-4920-8EE7-71A8A96C0330}.AppStore|Any CPU.Deploy.0 = Release|Any CPU
		{2C1FAB8E-8CA0-4920-8EE7-71A8A96C0330}.AppStore|ARM.ActiveCfg = Release|ARM
		{2C1FAB8E-8CA0-4920-8EE7-71A8A96C0330}.AppStore|ARM.Build.0 = Release|ARM
		{2C1FAB8E-8CA0-4920-8EE7-71A8A96C0330}.AppStore|ARM.Deploy.0 = Release|ARM
		{2C1FAB8E-8CA0-4920-8EE7-71A8A96C0330}.AppStore|iPhone.ActiveCfg = Release|Any CPU
		{2C1FAB8E-8CA0-4920-8EE7-71A8A96C0330}.AppStore|iPhone.Build.0 = Release|Any CPU
		{2C1FAB8E-8CA0-4920-8EE7-71A8A96C0330}.AppStore|iPhone.Deploy.0 = Release|Any CPU
		{2C1FAB8E-8CA0-4920-8EE7-71A8A96C0330}.AppStore|iPhoneSimulator.ActiveCfg = Release|Any CPU
		{2C1FAB8E-8CA0-4920-8EE7-71A8A96C0330}.AppStore|iPhoneSimulator.Build.0 = Release|Any CPU
		{2C1FAB8E-8CA0-4920-8EE7-71A8A96C0330}.AppStore|iPhoneSimulator.Deploy.0 = Release|Any CPU
		{2C1FAB8E-8CA0-4920-8EE7-71A8A96C0330}.AppStore|x64.ActiveCfg = Debug|Any CPU
		{2C1FAB8E-8CA0-4920-8EE7-71A8A96C0330}.AppStore|x64.Build.0 = Debug|Any CPU
		{2C1FAB8E-8CA0-4920-8EE7-71A8A96C0330}.AppStore|x64.Deploy.0 = Debug|Any CPU
		{2C1FAB8E-8CA0-4920-8EE7-71A8A96C0330}.AppStore|x86.ActiveCfg = Release|x86
		{2C1FAB8E-8CA0-4920-8EE7-71A8A96C0330}.AppStore|x86.Build.0 = Release|x86
		{2C1FAB8E-8CA0-4920-8EE7-71A8A96C0330}.AppStore|x86.Deploy.0 = Release|x86
		{2C1FAB8E-8CA0-4920-8EE7-71A8A96C0330}.Debug|Any CPU.ActiveCfg = Debug|Any CPU
		{2C1FAB8E-8CA0-4920-8EE7-71A8A96C0330}.Debug|Any CPU.Build.0 = Debug|Any CPU
		{2C1FAB8E-8CA0-4920-8EE7-71A8A96C0330}.Debug|Any CPU.Deploy.0 = Debug|Any CPU
		{2C1FAB8E-8CA0-4920-8EE7-71A8A96C0330}.Debug|ARM.ActiveCfg = Debug|ARM
		{2C1FAB8E-8CA0-4920-8EE7-71A8A96C0330}.Debug|ARM.Build.0 = Debug|ARM
		{2C1FAB8E-8CA0-4920-8EE7-71A8A96C0330}.Debug|ARM.Deploy.0 = Debug|ARM
		{2C1FAB8E-8CA0-4920-8EE7-71A8A96C0330}.Debug|iPhone.ActiveCfg = Debug|Any CPU
		{2C1FAB8E-8CA0-4920-8EE7-71A8A96C0330}.Debug|iPhone.Build.0 = Debug|Any CPU
		{2C1FAB8E-8CA0-4920-8EE7-71A8A96C0330}.Debug|iPhone.Deploy.0 = Debug|Any CPU
		{2C1FAB8E-8CA0-4920-8EE7-71A8A96C0330}.Debug|iPhoneSimulator.ActiveCfg = Debug|Any CPU
		{2C1FAB8E-8CA0-4920-8EE7-71A8A96C0330}.Debug|iPhoneSimulator.Build.0 = Debug|Any CPU
		{2C1FAB8E-8CA0-4920-8EE7-71A8A96C0330}.Debug|iPhoneSimulator.Deploy.0 = Debug|Any CPU
		{2C1FAB8E-8CA0-4920-8EE7-71A8A96C0330}.Debug|x64.ActiveCfg = Debug|Any CPU
		{2C1FAB8E-8CA0-4920-8EE7-71A8A96C0330}.Debug|x64.Build.0 = Debug|Any CPU
		{2C1FAB8E-8CA0-4920-8EE7-71A8A96C0330}.Debug|x64.Deploy.0 = Debug|Any CPU
		{2C1FAB8E-8CA0-4920-8EE7-71A8A96C0330}.Debug|x86.ActiveCfg = Debug|x86
		{2C1FAB8E-8CA0-4920-8EE7-71A8A96C0330}.Debug|x86.Build.0 = Debug|x86
		{2C1FAB8E-8CA0-4920-8EE7-71A8A96C0330}.Debug|x86.Deploy.0 = Debug|x86
		{2C1FAB8E-8CA0-4920-8EE7-71A8A96C0330}.Release|Any CPU.ActiveCfg = Release|Any CPU
		{2C1FAB8E-8CA0-4920-8EE7-71A8A96C0330}.Release|Any CPU.Build.0 = Release|Any CPU
		{2C1FAB8E-8CA0-4920-8EE7-71A8A96C0330}.Release|Any CPU.Deploy.0 = Release|Any CPU
		{2C1FAB8E-8CA0-4920-8EE7-71A8A96C0330}.Release|ARM.ActiveCfg = Release|ARM
		{2C1FAB8E-8CA0-4920-8EE7-71A8A96C0330}.Release|ARM.Build.0 = Release|ARM
		{2C1FAB8E-8CA0-4920-8EE7-71A8A96C0330}.Release|ARM.Deploy.0 = Release|ARM
		{2C1FAB8E-8CA0-4920-8EE7-71A8A96C0330}.Release|iPhone.ActiveCfg = Release|Any CPU
		{2C1FAB8E-8CA0-4920-8EE7-71A8A96C0330}.Release|iPhone.Build.0 = Release|Any CPU
		{2C1FAB8E-8CA0-4920-8EE7-71A8A96C0330}.Release|iPhone.Deploy.0 = Release|Any CPU
		{2C1FAB8E-8CA0-4920-8EE7-71A8A96C0330}.Release|iPhoneSimulator.ActiveCfg = Release|Any CPU
		{2C1FAB8E-8CA0-4920-8EE7-71A8A96C0330}.Release|iPhoneSimulator.Build.0 = Release|Any CPU
		{2C1FAB8E-8CA0-4920-8EE7-71A8A96C0330}.Release|iPhoneSimulator.Deploy.0 = Release|Any CPU
		{2C1FAB8E-8CA0-4920-8EE7-71A8A96C0330}.Release|x64.ActiveCfg = Release|Any CPU
		{2C1FAB8E-8CA0-4920-8EE7-71A8A96C0330}.Release|x64.Build.0 = Release|Any CPU
		{2C1FAB8E-8CA0-4920-8EE7-71A8A96C0330}.Release|x64.Deploy.0 = Release|Any CPU
		{2C1FAB8E-8CA0-4920-8EE7-71A8A96C0330}.Release|x86.ActiveCfg = Release|x86
		{2C1FAB8E-8CA0-4920-8EE7-71A8A96C0330}.Release|x86.Build.0 = Release|x86
		{2C1FAB8E-8CA0-4920-8EE7-71A8A96C0330}.Release|x86.Deploy.0 = Release|x86
		{1448AD0A-D9AC-4906-A90C-A658B670BAAE}.Ad-Hoc|Any CPU.ActiveCfg = Debug|Any CPU
		{1448AD0A-D9AC-4906-A90C-A658B670BAAE}.Ad-Hoc|Any CPU.Build.0 = Debug|Any CPU
		{1448AD0A-D9AC-4906-A90C-A658B670BAAE}.Ad-Hoc|ARM.ActiveCfg = Debug|Any CPU
		{1448AD0A-D9AC-4906-A90C-A658B670BAAE}.Ad-Hoc|ARM.Build.0 = Debug|Any CPU
		{1448AD0A-D9AC-4906-A90C-A658B670BAAE}.Ad-Hoc|iPhone.ActiveCfg = Debug|Any CPU
		{1448AD0A-D9AC-4906-A90C-A658B670BAAE}.Ad-Hoc|iPhone.Build.0 = Debug|Any CPU
		{1448AD0A-D9AC-4906-A90C-A658B670BAAE}.Ad-Hoc|iPhoneSimulator.ActiveCfg = Debug|Any CPU
		{1448AD0A-D9AC-4906-A90C-A658B670BAAE}.Ad-Hoc|iPhoneSimulator.Build.0 = Debug|Any CPU
		{1448AD0A-D9AC-4906-A90C-A658B670BAAE}.Ad-Hoc|x64.ActiveCfg = Debug|Any CPU
		{1448AD0A-D9AC-4906-A90C-A658B670BAAE}.Ad-Hoc|x64.Build.0 = Debug|Any CPU
		{1448AD0A-D9AC-4906-A90C-A658B670BAAE}.Ad-Hoc|x86.ActiveCfg = Debug|Any CPU
		{1448AD0A-D9AC-4906-A90C-A658B670BAAE}.Ad-Hoc|x86.Build.0 = Debug|Any CPU
		{1448AD0A-D9AC-4906-A90C-A658B670BAAE}.AppStore|Any CPU.ActiveCfg = Release|Any CPU
		{1448AD0A-D9AC-4906-A90C-A658B670BAAE}.AppStore|Any CPU.Build.0 = Release|Any CPU
		{1448AD0A-D9AC-4906-A90C-A658B670BAAE}.AppStore|ARM.ActiveCfg = Release|Any CPU
		{1448AD0A-D9AC-4906-A90C-A658B670BAAE}.AppStore|ARM.Build.0 = Release|Any CPU
		{1448AD0A-D9AC-4906-A90C-A658B670BAAE}.AppStore|iPhone.ActiveCfg = Release|Any CPU
		{1448AD0A-D9AC-4906-A90C-A658B670BAAE}.AppStore|iPhone.Build.0 = Release|Any CPU
		{1448AD0A-D9AC-4906-A90C-A658B670BAAE}.AppStore|iPhoneSimulator.ActiveCfg = Release|Any CPU
		{1448AD0A-D9AC-4906-A90C-A658B670BAAE}.AppStore|iPhoneSimulator.Build.0 = Release|Any CPU
		{1448AD0A-D9AC-4906-A90C-A658B670BAAE}.AppStore|x64.ActiveCfg = Debug|Any CPU
		{1448AD0A-D9AC-4906-A90C-A658B670BAAE}.AppStore|x64.Build.0 = Debug|Any CPU
		{1448AD0A-D9AC-4906-A90C-A658B670BAAE}.AppStore|x86.ActiveCfg = Release|Any CPU
		{1448AD0A-D9AC-4906-A90C-A658B670BAAE}.AppStore|x86.Build.0 = Release|Any CPU
		{1448AD0A-D9AC-4906-A90C-A658B670BAAE}.Debug|Any CPU.ActiveCfg = Debug|Any CPU
		{1448AD0A-D9AC-4906-A90C-A658B670BAAE}.Debug|Any CPU.Build.0 = Debug|Any CPU
		{1448AD0A-D9AC-4906-A90C-A658B670BAAE}.Debug|ARM.ActiveCfg = Debug|Any CPU
		{1448AD0A-D9AC-4906-A90C-A658B670BAAE}.Debug|ARM.Build.0 = Debug|Any CPU
		{1448AD0A-D9AC-4906-A90C-A658B670BAAE}.Debug|iPhone.ActiveCfg = Debug|Any CPU
		{1448AD0A-D9AC-4906-A90C-A658B670BAAE}.Debug|iPhone.Build.0 = Debug|Any CPU
		{1448AD0A-D9AC-4906-A90C-A658B670BAAE}.Debug|iPhoneSimulator.ActiveCfg = Debug|Any CPU
		{1448AD0A-D9AC-4906-A90C-A658B670BAAE}.Debug|iPhoneSimulator.Build.0 = Debug|Any CPU
		{1448AD0A-D9AC-4906-A90C-A658B670BAAE}.Debug|x64.ActiveCfg = Debug|Any CPU
		{1448AD0A-D9AC-4906-A90C-A658B670BAAE}.Debug|x64.Build.0 = Debug|Any CPU
		{1448AD0A-D9AC-4906-A90C-A658B670BAAE}.Debug|x86.ActiveCfg = Debug|Any CPU
		{1448AD0A-D9AC-4906-A90C-A658B670BAAE}.Debug|x86.Build.0 = Debug|Any CPU
		{1448AD0A-D9AC-4906-A90C-A658B670BAAE}.Release|Any CPU.ActiveCfg = Release|Any CPU
		{1448AD0A-D9AC-4906-A90C-A658B670BAAE}.Release|Any CPU.Build.0 = Release|Any CPU
		{1448AD0A-D9AC-4906-A90C-A658B670BAAE}.Release|ARM.ActiveCfg = Release|Any CPU
		{1448AD0A-D9AC-4906-A90C-A658B670BAAE}.Release|ARM.Build.0 = Release|Any CPU
		{1448AD0A-D9AC-4906-A90C-A658B670BAAE}.Release|iPhone.ActiveCfg = Release|Any CPU
		{1448AD0A-D9AC-4906-A90C-A658B670BAAE}.Release|iPhone.Build.0 = Release|Any CPU
		{1448AD0A-D9AC-4906-A90C-A658B670BAAE}.Release|iPhoneSimulator.ActiveCfg = Release|Any CPU
		{1448AD0A-D9AC-4906-A90C-A658B670BAAE}.Release|iPhoneSimulator.Build.0 = Release|Any CPU
		{1448AD0A-D9AC-4906-A90C-A658B670BAAE}.Release|x64.ActiveCfg = Release|Any CPU
		{1448AD0A-D9AC-4906-A90C-A658B670BAAE}.Release|x64.Build.0 = Release|Any CPU
		{1448AD0A-D9AC-4906-A90C-A658B670BAAE}.Release|x86.ActiveCfg = Release|Any CPU
		{1448AD0A-D9AC-4906-A90C-A658B670BAAE}.Release|x86.Build.0 = Release|Any CPU
		{19266CE4-CE47-4312-8C19-AAF98295A6CF}.Ad-Hoc|Any CPU.ActiveCfg = Release|Any CPU
		{19266CE4-CE47-4312-8C19-AAF98295A6CF}.Ad-Hoc|Any CPU.Build.0 = Release|Any CPU
		{19266CE4-CE47-4312-8C19-AAF98295A6CF}.Ad-Hoc|Any CPU.Deploy.0 = Release|Any CPU
		{19266CE4-CE47-4312-8C19-AAF98295A6CF}.Ad-Hoc|ARM.ActiveCfg = Release|Any CPU
		{19266CE4-CE47-4312-8C19-AAF98295A6CF}.Ad-Hoc|ARM.Build.0 = Release|Any CPU
		{19266CE4-CE47-4312-8C19-AAF98295A6CF}.Ad-Hoc|ARM.Deploy.0 = Release|Any CPU
		{19266CE4-CE47-4312-8C19-AAF98295A6CF}.Ad-Hoc|iPhone.ActiveCfg = Release|Any CPU
		{19266CE4-CE47-4312-8C19-AAF98295A6CF}.Ad-Hoc|iPhone.Build.0 = Release|Any CPU
		{19266CE4-CE47-4312-8C19-AAF98295A6CF}.Ad-Hoc|iPhone.Deploy.0 = Release|Any CPU
		{19266CE4-CE47-4312-8C19-AAF98295A6CF}.Ad-Hoc|iPhoneSimulator.ActiveCfg = Release|Any CPU
		{19266CE4-CE47-4312-8C19-AAF98295A6CF}.Ad-Hoc|iPhoneSimulator.Build.0 = Release|Any CPU
		{19266CE4-CE47-4312-8C19-AAF98295A6CF}.Ad-Hoc|iPhoneSimulator.Deploy.0 = Release|Any CPU
		{19266CE4-CE47-4312-8C19-AAF98295A6CF}.Ad-Hoc|x64.ActiveCfg = Release|Any CPU
		{19266CE4-CE47-4312-8C19-AAF98295A6CF}.Ad-Hoc|x64.Build.0 = Release|Any CPU
		{19266CE4-CE47-4312-8C19-AAF98295A6CF}.Ad-Hoc|x64.Deploy.0 = Release|Any CPU
		{19266CE4-CE47-4312-8C19-AAF98295A6CF}.Ad-Hoc|x86.ActiveCfg = Release|Any CPU
		{19266CE4-CE47-4312-8C19-AAF98295A6CF}.Ad-Hoc|x86.Build.0 = Release|Any CPU
		{19266CE4-CE47-4312-8C19-AAF98295A6CF}.Ad-Hoc|x86.Deploy.0 = Release|Any CPU
		{19266CE4-CE47-4312-8C19-AAF98295A6CF}.AppStore|Any CPU.ActiveCfg = Release|Any CPU
		{19266CE4-CE47-4312-8C19-AAF98295A6CF}.AppStore|Any CPU.Build.0 = Release|Any CPU
		{19266CE4-CE47-4312-8C19-AAF98295A6CF}.AppStore|Any CPU.Deploy.0 = Release|Any CPU
		{19266CE4-CE47-4312-8C19-AAF98295A6CF}.AppStore|ARM.ActiveCfg = Release|Any CPU
		{19266CE4-CE47-4312-8C19-AAF98295A6CF}.AppStore|ARM.Build.0 = Release|Any CPU
		{19266CE4-CE47-4312-8C19-AAF98295A6CF}.AppStore|ARM.Deploy.0 = Release|Any CPU
		{19266CE4-CE47-4312-8C19-AAF98295A6CF}.AppStore|iPhone.ActiveCfg = Release|Any CPU
		{19266CE4-CE47-4312-8C19-AAF98295A6CF}.AppStore|iPhone.Build.0 = Release|Any CPU
		{19266CE4-CE47-4312-8C19-AAF98295A6CF}.AppStore|iPhone.Deploy.0 = Release|Any CPU
		{19266CE4-CE47-4312-8C19-AAF98295A6CF}.AppStore|iPhoneSimulator.ActiveCfg = Release|Any CPU
		{19266CE4-CE47-4312-8C19-AAF98295A6CF}.AppStore|iPhoneSimulator.Build.0 = Release|Any CPU
		{19266CE4-CE47-4312-8C19-AAF98295A6CF}.AppStore|iPhoneSimulator.Deploy.0 = Release|Any CPU
		{19266CE4-CE47-4312-8C19-AAF98295A6CF}.AppStore|x64.ActiveCfg = Release|Any CPU
		{19266CE4-CE47-4312-8C19-AAF98295A6CF}.AppStore|x64.Build.0 = Release|Any CPU
		{19266CE4-CE47-4312-8C19-AAF98295A6CF}.AppStore|x64.Deploy.0 = Release|Any CPU
		{19266CE4-CE47-4312-8C19-AAF98295A6CF}.AppStore|x86.ActiveCfg = Release|Any CPU
		{19266CE4-CE47-4312-8C19-AAF98295A6CF}.AppStore|x86.Build.0 = Release|Any CPU
		{19266CE4-CE47-4312-8C19-AAF98295A6CF}.AppStore|x86.Deploy.0 = Release|Any CPU
		{19266CE4-CE47-4312-8C19-AAF98295A6CF}.Debug|Any CPU.ActiveCfg = Debug|Any CPU
		{19266CE4-CE47-4312-8C19-AAF98295A6CF}.Debug|Any CPU.Build.0 = Debug|Any CPU
		{19266CE4-CE47-4312-8C19-AAF98295A6CF}.Debug|Any CPU.Deploy.0 = Debug|Any CPU
		{19266CE4-CE47-4312-8C19-AAF98295A6CF}.Debug|ARM.ActiveCfg = Debug|Any CPU
		{19266CE4-CE47-4312-8C19-AAF98295A6CF}.Debug|ARM.Build.0 = Debug|Any CPU
		{19266CE4-CE47-4312-8C19-AAF98295A6CF}.Debug|ARM.Deploy.0 = Debug|Any CPU
		{19266CE4-CE47-4312-8C19-AAF98295A6CF}.Debug|iPhone.ActiveCfg = Debug|Any CPU
		{19266CE4-CE47-4312-8C19-AAF98295A6CF}.Debug|iPhone.Build.0 = Debug|Any CPU
		{19266CE4-CE47-4312-8C19-AAF98295A6CF}.Debug|iPhone.Deploy.0 = Debug|Any CPU
		{19266CE4-CE47-4312-8C19-AAF98295A6CF}.Debug|iPhoneSimulator.ActiveCfg = Debug|Any CPU
		{19266CE4-CE47-4312-8C19-AAF98295A6CF}.Debug|iPhoneSimulator.Build.0 = Debug|Any CPU
		{19266CE4-CE47-4312-8C19-AAF98295A6CF}.Debug|iPhoneSimulator.Deploy.0 = Debug|Any CPU
		{19266CE4-CE47-4312-8C19-AAF98295A6CF}.Debug|x64.ActiveCfg = Debug|Any CPU
		{19266CE4-CE47-4312-8C19-AAF98295A6CF}.Debug|x64.Build.0 = Debug|Any CPU
		{19266CE4-CE47-4312-8C19-AAF98295A6CF}.Debug|x64.Deploy.0 = Debug|Any CPU
		{19266CE4-CE47-4312-8C19-AAF98295A6CF}.Debug|x86.ActiveCfg = Debug|Any CPU
		{19266CE4-CE47-4312-8C19-AAF98295A6CF}.Debug|x86.Build.0 = Debug|Any CPU
		{19266CE4-CE47-4312-8C19-AAF98295A6CF}.Debug|x86.Deploy.0 = Debug|Any CPU
		{19266CE4-CE47-4312-8C19-AAF98295A6CF}.Release|Any CPU.ActiveCfg = Release|Any CPU
		{19266CE4-CE47-4312-8C19-AAF98295A6CF}.Release|Any CPU.Build.0 = Release|Any CPU
		{19266CE4-CE47-4312-8C19-AAF98295A6CF}.Release|Any CPU.Deploy.0 = Release|Any CPU
		{19266CE4-CE47-4312-8C19-AAF98295A6CF}.Release|ARM.ActiveCfg = Release|Any CPU
		{19266CE4-CE47-4312-8C19-AAF98295A6CF}.Release|ARM.Build.0 = Release|Any CPU
		{19266CE4-CE47-4312-8C19-AAF98295A6CF}.Release|ARM.Deploy.0 = Release|Any CPU
		{19266CE4-CE47-4312-8C19-AAF98295A6CF}.Release|iPhone.ActiveCfg = Release|Any CPU
		{19266CE4-CE47-4312-8C19-AAF98295A6CF}.Release|iPhone.Build.0 = Release|Any CPU
		{19266CE4-CE47-4312-8C19-AAF98295A6CF}.Release|iPhone.Deploy.0 = Release|Any CPU
		{19266CE4-CE47-4312-8C19-AAF98295A6CF}.Release|iPhoneSimulator.ActiveCfg = Release|Any CPU
		{19266CE4-CE47-4312-8C19-AAF98295A6CF}.Release|iPhoneSimulator.Build.0 = Release|Any CPU
		{19266CE4-CE47-4312-8C19-AAF98295A6CF}.Release|iPhoneSimulator.Deploy.0 = Release|Any CPU
		{19266CE4-CE47-4312-8C19-AAF98295A6CF}.Release|x64.ActiveCfg = Release|Any CPU
		{19266CE4-CE47-4312-8C19-AAF98295A6CF}.Release|x64.Build.0 = Release|Any CPU
		{19266CE4-CE47-4312-8C19-AAF98295A6CF}.Release|x64.Deploy.0 = Release|Any CPU
		{19266CE4-CE47-4312-8C19-AAF98295A6CF}.Release|x86.ActiveCfg = Release|Any CPU
		{19266CE4-CE47-4312-8C19-AAF98295A6CF}.Release|x86.Build.0 = Release|Any CPU
		{19266CE4-CE47-4312-8C19-AAF98295A6CF}.Release|x86.Deploy.0 = Release|Any CPU
		{83EFF4ED-97AD-492B-8604-944047BF8CDD}.Ad-Hoc|Any CPU.ActiveCfg = Ad-Hoc|iPhone
		{83EFF4ED-97AD-492B-8604-944047BF8CDD}.Ad-Hoc|ARM.ActiveCfg = Ad-Hoc|iPhone
		{83EFF4ED-97AD-492B-8604-944047BF8CDD}.Ad-Hoc|iPhone.ActiveCfg = Ad-Hoc|iPhone
		{83EFF4ED-97AD-492B-8604-944047BF8CDD}.Ad-Hoc|iPhone.Build.0 = Ad-Hoc|iPhone
		{83EFF4ED-97AD-492B-8604-944047BF8CDD}.Ad-Hoc|iPhoneSimulator.ActiveCfg = Ad-Hoc|iPhoneSimulator
		{83EFF4ED-97AD-492B-8604-944047BF8CDD}.Ad-Hoc|iPhoneSimulator.Build.0 = Ad-Hoc|iPhoneSimulator
		{83EFF4ED-97AD-492B-8604-944047BF8CDD}.Ad-Hoc|x64.ActiveCfg = Ad-Hoc|iPhone
		{83EFF4ED-97AD-492B-8604-944047BF8CDD}.Ad-Hoc|x86.ActiveCfg = Ad-Hoc|iPhone
		{83EFF4ED-97AD-492B-8604-944047BF8CDD}.AppStore|Any CPU.ActiveCfg = AppStore|iPhone
		{83EFF4ED-97AD-492B-8604-944047BF8CDD}.AppStore|ARM.ActiveCfg = AppStore|iPhone
		{83EFF4ED-97AD-492B-8604-944047BF8CDD}.AppStore|iPhone.ActiveCfg = AppStore|iPhone
		{83EFF4ED-97AD-492B-8604-944047BF8CDD}.AppStore|iPhone.Build.0 = AppStore|iPhone
		{83EFF4ED-97AD-492B-8604-944047BF8CDD}.AppStore|iPhoneSimulator.ActiveCfg = AppStore|iPhoneSimulator
		{83EFF4ED-97AD-492B-8604-944047BF8CDD}.AppStore|iPhoneSimulator.Build.0 = AppStore|iPhoneSimulator
		{83EFF4ED-97AD-492B-8604-944047BF8CDD}.AppStore|x64.ActiveCfg = AppStore|iPhone
		{83EFF4ED-97AD-492B-8604-944047BF8CDD}.AppStore|x86.ActiveCfg = AppStore|iPhone
		{83EFF4ED-97AD-492B-8604-944047BF8CDD}.Debug|Any CPU.ActiveCfg = Debug|iPhone
		{83EFF4ED-97AD-492B-8604-944047BF8CDD}.Debug|ARM.ActiveCfg = Debug|iPhone
		{83EFF4ED-97AD-492B-8604-944047BF8CDD}.Debug|iPhone.ActiveCfg = Debug|iPhone
		{83EFF4ED-97AD-492B-8604-944047BF8CDD}.Debug|iPhone.Build.0 = Debug|iPhone
		{83EFF4ED-97AD-492B-8604-944047BF8CDD}.Debug|iPhoneSimulator.ActiveCfg = Debug|iPhoneSimulator
		{83EFF4ED-97AD-492B-8604-944047BF8CDD}.Debug|iPhoneSimulator.Build.0 = Debug|iPhoneSimulator
		{83EFF4ED-97AD-492B-8604-944047BF8CDD}.Debug|x64.ActiveCfg = Debug|iPhone
		{83EFF4ED-97AD-492B-8604-944047BF8CDD}.Debug|x86.ActiveCfg = Debug|iPhone
		{83EFF4ED-97AD-492B-8604-944047BF8CDD}.Release|Any CPU.ActiveCfg = Release|iPhone
		{83EFF4ED-97AD-492B-8604-944047BF8CDD}.Release|ARM.ActiveCfg = Release|iPhone
		{83EFF4ED-97AD-492B-8604-944047BF8CDD}.Release|iPhone.ActiveCfg = Release|iPhone
		{83EFF4ED-97AD-492B-8604-944047BF8CDD}.Release|iPhone.Build.0 = Release|iPhone
		{83EFF4ED-97AD-492B-8604-944047BF8CDD}.Release|iPhoneSimulator.ActiveCfg = Release|iPhoneSimulator
		{83EFF4ED-97AD-492B-8604-944047BF8CDD}.Release|iPhoneSimulator.Build.0 = Release|iPhoneSimulator
		{83EFF4ED-97AD-492B-8604-944047BF8CDD}.Release|x64.ActiveCfg = Release|iPhone
		{83EFF4ED-97AD-492B-8604-944047BF8CDD}.Release|x86.ActiveCfg = Release|iPhone
		{28FCC0E7-3EC7-49E2-80AE-3861F61CB46F}.Ad-Hoc|Any CPU.ActiveCfg = Release|Any CPU
		{28FCC0E7-3EC7-49E2-80AE-3861F61CB46F}.Ad-Hoc|Any CPU.Build.0 = Release|Any CPU
		{28FCC0E7-3EC7-49E2-80AE-3861F61CB46F}.Ad-Hoc|Any CPU.Deploy.0 = Release|Any CPU
		{28FCC0E7-3EC7-49E2-80AE-3861F61CB46F}.Ad-Hoc|ARM.ActiveCfg = Release|ARM
		{28FCC0E7-3EC7-49E2-80AE-3861F61CB46F}.Ad-Hoc|ARM.Build.0 = Release|ARM
		{28FCC0E7-3EC7-49E2-80AE-3861F61CB46F}.Ad-Hoc|ARM.Deploy.0 = Release|ARM
		{28FCC0E7-3EC7-49E2-80AE-3861F61CB46F}.Ad-Hoc|iPhone.ActiveCfg = Release|Any CPU
		{28FCC0E7-3EC7-49E2-80AE-3861F61CB46F}.Ad-Hoc|iPhone.Build.0 = Release|Any CPU
		{28FCC0E7-3EC7-49E2-80AE-3861F61CB46F}.Ad-Hoc|iPhone.Deploy.0 = Release|Any CPU
		{28FCC0E7-3EC7-49E2-80AE-3861F61CB46F}.Ad-Hoc|iPhoneSimulator.ActiveCfg = Release|Any CPU
		{28FCC0E7-3EC7-49E2-80AE-3861F61CB46F}.Ad-Hoc|iPhoneSimulator.Build.0 = Release|Any CPU
		{28FCC0E7-3EC7-49E2-80AE-3861F61CB46F}.Ad-Hoc|iPhoneSimulator.Deploy.0 = Release|Any CPU
		{28FCC0E7-3EC7-49E2-80AE-3861F61CB46F}.Ad-Hoc|x64.ActiveCfg = Release|Any CPU
		{28FCC0E7-3EC7-49E2-80AE-3861F61CB46F}.Ad-Hoc|x64.Build.0 = Release|Any CPU
		{28FCC0E7-3EC7-49E2-80AE-3861F61CB46F}.Ad-Hoc|x64.Deploy.0 = Release|Any CPU
		{28FCC0E7-3EC7-49E2-80AE-3861F61CB46F}.Ad-Hoc|x86.ActiveCfg = Release|x86
		{28FCC0E7-3EC7-49E2-80AE-3861F61CB46F}.Ad-Hoc|x86.Build.0 = Release|x86
		{28FCC0E7-3EC7-49E2-80AE-3861F61CB46F}.Ad-Hoc|x86.Deploy.0 = Release|x86
		{28FCC0E7-3EC7-49E2-80AE-3861F61CB46F}.AppStore|Any CPU.ActiveCfg = Release|Any CPU
		{28FCC0E7-3EC7-49E2-80AE-3861F61CB46F}.AppStore|Any CPU.Build.0 = Release|Any CPU
		{28FCC0E7-3EC7-49E2-80AE-3861F61CB46F}.AppStore|Any CPU.Deploy.0 = Release|Any CPU
		{28FCC0E7-3EC7-49E2-80AE-3861F61CB46F}.AppStore|ARM.ActiveCfg = Release|ARM
		{28FCC0E7-3EC7-49E2-80AE-3861F61CB46F}.AppStore|ARM.Build.0 = Release|ARM
		{28FCC0E7-3EC7-49E2-80AE-3861F61CB46F}.AppStore|ARM.Deploy.0 = Release|ARM
		{28FCC0E7-3EC7-49E2-80AE-3861F61CB46F}.AppStore|iPhone.ActiveCfg = Release|Any CPU
		{28FCC0E7-3EC7-49E2-80AE-3861F61CB46F}.AppStore|iPhone.Build.0 = Release|Any CPU
		{28FCC0E7-3EC7-49E2-80AE-3861F61CB46F}.AppStore|iPhone.Deploy.0 = Release|Any CPU
		{28FCC0E7-3EC7-49E2-80AE-3861F61CB46F}.AppStore|iPhoneSimulator.ActiveCfg = Release|Any CPU
		{28FCC0E7-3EC7-49E2-80AE-3861F61CB46F}.AppStore|iPhoneSimulator.Build.0 = Release|Any CPU
		{28FCC0E7-3EC7-49E2-80AE-3861F61CB46F}.AppStore|iPhoneSimulator.Deploy.0 = Release|Any CPU
		{28FCC0E7-3EC7-49E2-80AE-3861F61CB46F}.AppStore|x64.ActiveCfg = Release|Any CPU
		{28FCC0E7-3EC7-49E2-80AE-3861F61CB46F}.AppStore|x64.Build.0 = Release|Any CPU
		{28FCC0E7-3EC7-49E2-80AE-3861F61CB46F}.AppStore|x64.Deploy.0 = Release|Any CPU
		{28FCC0E7-3EC7-49E2-80AE-3861F61CB46F}.AppStore|x86.ActiveCfg = Release|x86
		{28FCC0E7-3EC7-49E2-80AE-3861F61CB46F}.AppStore|x86.Build.0 = Release|x86
		{28FCC0E7-3EC7-49E2-80AE-3861F61CB46F}.AppStore|x86.Deploy.0 = Release|x86
		{28FCC0E7-3EC7-49E2-80AE-3861F61CB46F}.Debug|Any CPU.ActiveCfg = Debug|Any CPU
		{28FCC0E7-3EC7-49E2-80AE-3861F61CB46F}.Debug|Any CPU.Build.0 = Debug|Any CPU
		{28FCC0E7-3EC7-49E2-80AE-3861F61CB46F}.Debug|Any CPU.Deploy.0 = Debug|Any CPU
		{28FCC0E7-3EC7-49E2-80AE-3861F61CB46F}.Debug|ARM.ActiveCfg = Debug|ARM
		{28FCC0E7-3EC7-49E2-80AE-3861F61CB46F}.Debug|ARM.Build.0 = Debug|ARM
		{28FCC0E7-3EC7-49E2-80AE-3861F61CB46F}.Debug|ARM.Deploy.0 = Debug|ARM
		{28FCC0E7-3EC7-49E2-80AE-3861F61CB46F}.Debug|iPhone.ActiveCfg = Debug|Any CPU
		{28FCC0E7-3EC7-49E2-80AE-3861F61CB46F}.Debug|iPhone.Build.0 = Debug|Any CPU
		{28FCC0E7-3EC7-49E2-80AE-3861F61CB46F}.Debug|iPhone.Deploy.0 = Debug|Any CPU
		{28FCC0E7-3EC7-49E2-80AE-3861F61CB46F}.Debug|iPhoneSimulator.ActiveCfg = Debug|Any CPU
		{28FCC0E7-3EC7-49E2-80AE-3861F61CB46F}.Debug|iPhoneSimulator.Build.0 = Debug|Any CPU
		{28FCC0E7-3EC7-49E2-80AE-3861F61CB46F}.Debug|iPhoneSimulator.Deploy.0 = Debug|Any CPU
		{28FCC0E7-3EC7-49E2-80AE-3861F61CB46F}.Debug|x64.ActiveCfg = Debug|Any CPU
		{28FCC0E7-3EC7-49E2-80AE-3861F61CB46F}.Debug|x64.Build.0 = Debug|Any CPU
		{28FCC0E7-3EC7-49E2-80AE-3861F61CB46F}.Debug|x64.Deploy.0 = Debug|Any CPU
		{28FCC0E7-3EC7-49E2-80AE-3861F61CB46F}.Debug|x86.ActiveCfg = Debug|x86
		{28FCC0E7-3EC7-49E2-80AE-3861F61CB46F}.Debug|x86.Build.0 = Debug|x86
		{28FCC0E7-3EC7-49E2-80AE-3861F61CB46F}.Debug|x86.Deploy.0 = Debug|x86
		{28FCC0E7-3EC7-49E2-80AE-3861F61CB46F}.Release|Any CPU.ActiveCfg = Release|Any CPU
		{28FCC0E7-3EC7-49E2-80AE-3861F61CB46F}.Release|Any CPU.Build.0 = Release|Any CPU
		{28FCC0E7-3EC7-49E2-80AE-3861F61CB46F}.Release|Any CPU.Deploy.0 = Release|Any CPU
		{28FCC0E7-3EC7-49E2-80AE-3861F61CB46F}.Release|ARM.ActiveCfg = Release|ARM
		{28FCC0E7-3EC7-49E2-80AE-3861F61CB46F}.Release|ARM.Build.0 = Release|ARM
		{28FCC0E7-3EC7-49E2-80AE-3861F61CB46F}.Release|ARM.Deploy.0 = Release|ARM
		{28FCC0E7-3EC7-49E2-80AE-3861F61CB46F}.Release|iPhone.ActiveCfg = Release|Any CPU
		{28FCC0E7-3EC7-49E2-80AE-3861F61CB46F}.Release|iPhone.Build.0 = Release|Any CPU
		{28FCC0E7-3EC7-49E2-80AE-3861F61CB46F}.Release|iPhone.Deploy.0 = Release|Any CPU
		{28FCC0E7-3EC7-49E2-80AE-3861F61CB46F}.Release|iPhoneSimulator.ActiveCfg = Release|Any CPU
		{28FCC0E7-3EC7-49E2-80AE-3861F61CB46F}.Release|iPhoneSimulator.Build.0 = Release|Any CPU
		{28FCC0E7-3EC7-49E2-80AE-3861F61CB46F}.Release|iPhoneSimulator.Deploy.0 = Release|Any CPU
		{28FCC0E7-3EC7-49E2-80AE-3861F61CB46F}.Release|x64.ActiveCfg = Release|Any CPU
		{28FCC0E7-3EC7-49E2-80AE-3861F61CB46F}.Release|x64.Build.0 = Release|Any CPU
		{28FCC0E7-3EC7-49E2-80AE-3861F61CB46F}.Release|x64.Deploy.0 = Release|Any CPU
		{28FCC0E7-3EC7-49E2-80AE-3861F61CB46F}.Release|x86.ActiveCfg = Release|x86
		{28FCC0E7-3EC7-49E2-80AE-3861F61CB46F}.Release|x86.Build.0 = Release|x86
		{28FCC0E7-3EC7-49E2-80AE-3861F61CB46F}.Release|x86.Deploy.0 = Release|x86
		{63E10646-EB01-4560-A980-364ACB0F85EF}.Ad-Hoc|Any CPU.ActiveCfg = Release|x86
		{63E10646-EB01-4560-A980-364ACB0F85EF}.Ad-Hoc|Any CPU.Build.0 = Release|x86
		{63E10646-EB01-4560-A980-364ACB0F85EF}.Ad-Hoc|Any CPU.Deploy.0 = Release|x86
		{63E10646-EB01-4560-A980-364ACB0F85EF}.Ad-Hoc|ARM.ActiveCfg = Release|ARM
		{63E10646-EB01-4560-A980-364ACB0F85EF}.Ad-Hoc|ARM.Build.0 = Release|ARM
		{63E10646-EB01-4560-A980-364ACB0F85EF}.Ad-Hoc|ARM.Deploy.0 = Release|ARM
		{63E10646-EB01-4560-A980-364ACB0F85EF}.Ad-Hoc|iPhone.ActiveCfg = Release|x86
		{63E10646-EB01-4560-A980-364ACB0F85EF}.Ad-Hoc|iPhone.Build.0 = Release|x86
		{63E10646-EB01-4560-A980-364ACB0F85EF}.Ad-Hoc|iPhone.Deploy.0 = Release|x86
		{63E10646-EB01-4560-A980-364ACB0F85EF}.Ad-Hoc|iPhoneSimulator.ActiveCfg = Release|x86
		{63E10646-EB01-4560-A980-364ACB0F85EF}.Ad-Hoc|iPhoneSimulator.Build.0 = Release|x86
		{63E10646-EB01-4560-A980-364ACB0F85EF}.Ad-Hoc|iPhoneSimulator.Deploy.0 = Release|x86
		{63E10646-EB01-4560-A980-364ACB0F85EF}.Ad-Hoc|x64.ActiveCfg = Release|x64
		{63E10646-EB01-4560-A980-364ACB0F85EF}.Ad-Hoc|x64.Build.0 = Release|x64
		{63E10646-EB01-4560-A980-364ACB0F85EF}.Ad-Hoc|x64.Deploy.0 = Release|x64
		{63E10646-EB01-4560-A980-364ACB0F85EF}.Ad-Hoc|x86.ActiveCfg = Release|x86
		{63E10646-EB01-4560-A980-364ACB0F85EF}.Ad-Hoc|x86.Build.0 = Release|x86
		{63E10646-EB01-4560-A980-364ACB0F85EF}.Ad-Hoc|x86.Deploy.0 = Release|x86
		{63E10646-EB01-4560-A980-364ACB0F85EF}.AppStore|Any CPU.ActiveCfg = Release|x86
		{63E10646-EB01-4560-A980-364ACB0F85EF}.AppStore|Any CPU.Build.0 = Release|x86
		{63E10646-EB01-4560-A980-364ACB0F85EF}.AppStore|Any CPU.Deploy.0 = Release|x86
		{63E10646-EB01-4560-A980-364ACB0F85EF}.AppStore|ARM.ActiveCfg = Release|ARM
		{63E10646-EB01-4560-A980-364ACB0F85EF}.AppStore|ARM.Build.0 = Release|ARM
		{63E10646-EB01-4560-A980-364ACB0F85EF}.AppStore|ARM.Deploy.0 = Release|ARM
		{63E10646-EB01-4560-A980-364ACB0F85EF}.AppStore|iPhone.ActiveCfg = Release|x86
		{63E10646-EB01-4560-A980-364ACB0F85EF}.AppStore|iPhone.Build.0 = Release|x86
		{63E10646-EB01-4560-A980-364ACB0F85EF}.AppStore|iPhone.Deploy.0 = Release|x86
		{63E10646-EB01-4560-A980-364ACB0F85EF}.AppStore|iPhoneSimulator.ActiveCfg = Release|x86
		{63E10646-EB01-4560-A980-364ACB0F85EF}.AppStore|iPhoneSimulator.Build.0 = Release|x86
		{63E10646-EB01-4560-A980-364ACB0F85EF}.AppStore|iPhoneSimulator.Deploy.0 = Release|x86
		{63E10646-EB01-4560-A980-364ACB0F85EF}.AppStore|x64.ActiveCfg = Release|x64
		{63E10646-EB01-4560-A980-364ACB0F85EF}.AppStore|x64.Build.0 = Release|x64
		{63E10646-EB01-4560-A980-364ACB0F85EF}.AppStore|x64.Deploy.0 = Release|x64
		{63E10646-EB01-4560-A980-364ACB0F85EF}.AppStore|x86.ActiveCfg = Release|x86
		{63E10646-EB01-4560-A980-364ACB0F85EF}.AppStore|x86.Build.0 = Release|x86
		{63E10646-EB01-4560-A980-364ACB0F85EF}.AppStore|x86.Deploy.0 = Release|x86
		{63E10646-EB01-4560-A980-364ACB0F85EF}.Debug|Any CPU.ActiveCfg = Debug|x86
		{63E10646-EB01-4560-A980-364ACB0F85EF}.Debug|ARM.ActiveCfg = Debug|ARM
		{63E10646-EB01-4560-A980-364ACB0F85EF}.Debug|ARM.Build.0 = Debug|ARM
		{63E10646-EB01-4560-A980-364ACB0F85EF}.Debug|ARM.Deploy.0 = Debug|ARM
		{63E10646-EB01-4560-A980-364ACB0F85EF}.Debug|iPhone.ActiveCfg = Debug|x86
		{63E10646-EB01-4560-A980-364ACB0F85EF}.Debug|iPhoneSimulator.ActiveCfg = Debug|x86
		{63E10646-EB01-4560-A980-364ACB0F85EF}.Debug|x64.ActiveCfg = Debug|x64
		{63E10646-EB01-4560-A980-364ACB0F85EF}.Debug|x64.Build.0 = Debug|x64
		{63E10646-EB01-4560-A980-364ACB0F85EF}.Debug|x64.Deploy.0 = Debug|x64
		{63E10646-EB01-4560-A980-364ACB0F85EF}.Debug|x86.ActiveCfg = Debug|x86
		{63E10646-EB01-4560-A980-364ACB0F85EF}.Debug|x86.Build.0 = Debug|x86
		{63E10646-EB01-4560-A980-364ACB0F85EF}.Debug|x86.Deploy.0 = Debug|x86
		{63E10646-EB01-4560-A980-364ACB0F85EF}.Release|Any CPU.ActiveCfg = Release|x86
		{63E10646-EB01-4560-A980-364ACB0F85EF}.Release|ARM.ActiveCfg = Release|ARM
		{63E10646-EB01-4560-A980-364ACB0F85EF}.Release|ARM.Build.0 = Release|ARM
		{63E10646-EB01-4560-A980-364ACB0F85EF}.Release|ARM.Deploy.0 = Release|ARM
		{63E10646-EB01-4560-A980-364ACB0F85EF}.Release|iPhone.ActiveCfg = Release|x86
		{63E10646-EB01-4560-A980-364ACB0F85EF}.Release|iPhoneSimulator.ActiveCfg = Release|x86
		{63E10646-EB01-4560-A980-364ACB0F85EF}.Release|x64.ActiveCfg = Release|x64
		{63E10646-EB01-4560-A980-364ACB0F85EF}.Release|x64.Build.0 = Release|x64
		{63E10646-EB01-4560-A980-364ACB0F85EF}.Release|x64.Deploy.0 = Release|x64
		{63E10646-EB01-4560-A980-364ACB0F85EF}.Release|x86.ActiveCfg = Release|x86
		{63E10646-EB01-4560-A980-364ACB0F85EF}.Release|x86.Build.0 = Release|x86
		{63E10646-EB01-4560-A980-364ACB0F85EF}.Release|x86.Deploy.0 = Release|x86
		{57498D61-AC87-490A-A716-AB63AB61EBEC}.Ad-Hoc|Any CPU.ActiveCfg = Release|Any CPU
		{57498D61-AC87-490A-A716-AB63AB61EBEC}.Ad-Hoc|Any CPU.Build.0 = Release|Any CPU
		{57498D61-AC87-490A-A716-AB63AB61EBEC}.Ad-Hoc|Any CPU.Deploy.0 = Release|Any CPU
		{57498D61-AC87-490A-A716-AB63AB61EBEC}.Ad-Hoc|ARM.ActiveCfg = Release|ARM
		{57498D61-AC87-490A-A716-AB63AB61EBEC}.Ad-Hoc|ARM.Build.0 = Release|ARM
		{57498D61-AC87-490A-A716-AB63AB61EBEC}.Ad-Hoc|ARM.Deploy.0 = Release|ARM
		{57498D61-AC87-490A-A716-AB63AB61EBEC}.Ad-Hoc|iPhone.ActiveCfg = Release|Any CPU
		{57498D61-AC87-490A-A716-AB63AB61EBEC}.Ad-Hoc|iPhone.Build.0 = Release|Any CPU
		{57498D61-AC87-490A-A716-AB63AB61EBEC}.Ad-Hoc|iPhone.Deploy.0 = Release|Any CPU
		{57498D61-AC87-490A-A716-AB63AB61EBEC}.Ad-Hoc|iPhoneSimulator.ActiveCfg = Release|Any CPU
		{57498D61-AC87-490A-A716-AB63AB61EBEC}.Ad-Hoc|iPhoneSimulator.Build.0 = Release|Any CPU
		{57498D61-AC87-490A-A716-AB63AB61EBEC}.Ad-Hoc|iPhoneSimulator.Deploy.0 = Release|Any CPU
		{57498D61-AC87-490A-A716-AB63AB61EBEC}.Ad-Hoc|x64.ActiveCfg = Release|x64
		{57498D61-AC87-490A-A716-AB63AB61EBEC}.Ad-Hoc|x64.Build.0 = Release|x64
		{57498D61-AC87-490A-A716-AB63AB61EBEC}.Ad-Hoc|x64.Deploy.0 = Release|x64
		{57498D61-AC87-490A-A716-AB63AB61EBEC}.Ad-Hoc|x86.ActiveCfg = Release|x86
		{57498D61-AC87-490A-A716-AB63AB61EBEC}.Ad-Hoc|x86.Build.0 = Release|x86
		{57498D61-AC87-490A-A716-AB63AB61EBEC}.Ad-Hoc|x86.Deploy.0 = Release|x86
		{57498D61-AC87-490A-A716-AB63AB61EBEC}.AppStore|Any CPU.ActiveCfg = Release|Any CPU
		{57498D61-AC87-490A-A716-AB63AB61EBEC}.AppStore|Any CPU.Build.0 = Release|Any CPU
		{57498D61-AC87-490A-A716-AB63AB61EBEC}.AppStore|Any CPU.Deploy.0 = Release|Any CPU
		{57498D61-AC87-490A-A716-AB63AB61EBEC}.AppStore|ARM.ActiveCfg = Release|ARM
		{57498D61-AC87-490A-A716-AB63AB61EBEC}.AppStore|ARM.Build.0 = Release|ARM
		{57498D61-AC87-490A-A716-AB63AB61EBEC}.AppStore|ARM.Deploy.0 = Release|ARM
		{57498D61-AC87-490A-A716-AB63AB61EBEC}.AppStore|iPhone.ActiveCfg = Release|Any CPU
		{57498D61-AC87-490A-A716-AB63AB61EBEC}.AppStore|iPhone.Build.0 = Release|Any CPU
		{57498D61-AC87-490A-A716-AB63AB61EBEC}.AppStore|iPhone.Deploy.0 = Release|Any CPU
		{57498D61-AC87-490A-A716-AB63AB61EBEC}.AppStore|iPhoneSimulator.ActiveCfg = Release|Any CPU
		{57498D61-AC87-490A-A716-AB63AB61EBEC}.AppStore|iPhoneSimulator.Build.0 = Release|Any CPU
		{57498D61-AC87-490A-A716-AB63AB61EBEC}.AppStore|iPhoneSimulator.Deploy.0 = Release|Any CPU
		{57498D61-AC87-490A-A716-AB63AB61EBEC}.AppStore|x64.ActiveCfg = Release|x64
		{57498D61-AC87-490A-A716-AB63AB61EBEC}.AppStore|x64.Build.0 = Release|x64
		{57498D61-AC87-490A-A716-AB63AB61EBEC}.AppStore|x64.Deploy.0 = Release|x64
		{57498D61-AC87-490A-A716-AB63AB61EBEC}.AppStore|x86.ActiveCfg = Release|x86
		{57498D61-AC87-490A-A716-AB63AB61EBEC}.AppStore|x86.Build.0 = Release|x86
		{57498D61-AC87-490A-A716-AB63AB61EBEC}.AppStore|x86.Deploy.0 = Release|x86
		{57498D61-AC87-490A-A716-AB63AB61EBEC}.Debug|Any CPU.ActiveCfg = Debug|Any CPU
		{57498D61-AC87-490A-A716-AB63AB61EBEC}.Debug|Any CPU.Build.0 = Debug|Any CPU
		{57498D61-AC87-490A-A716-AB63AB61EBEC}.Debug|Any CPU.Deploy.0 = Debug|Any CPU
		{57498D61-AC87-490A-A716-AB63AB61EBEC}.Debug|ARM.ActiveCfg = Debug|ARM
		{57498D61-AC87-490A-A716-AB63AB61EBEC}.Debug|ARM.Build.0 = Debug|ARM
		{57498D61-AC87-490A-A716-AB63AB61EBEC}.Debug|ARM.Deploy.0 = Debug|ARM
		{57498D61-AC87-490A-A716-AB63AB61EBEC}.Debug|iPhone.ActiveCfg = Debug|Any CPU
		{57498D61-AC87-490A-A716-AB63AB61EBEC}.Debug|iPhone.Build.0 = Debug|Any CPU
		{57498D61-AC87-490A-A716-AB63AB61EBEC}.Debug|iPhone.Deploy.0 = Debug|Any CPU
		{57498D61-AC87-490A-A716-AB63AB61EBEC}.Debug|iPhoneSimulator.ActiveCfg = Debug|Any CPU
		{57498D61-AC87-490A-A716-AB63AB61EBEC}.Debug|iPhoneSimulator.Build.0 = Debug|Any CPU
		{57498D61-AC87-490A-A716-AB63AB61EBEC}.Debug|iPhoneSimulator.Deploy.0 = Debug|Any CPU
		{57498D61-AC87-490A-A716-AB63AB61EBEC}.Debug|x64.ActiveCfg = Debug|x64
		{57498D61-AC87-490A-A716-AB63AB61EBEC}.Debug|x64.Build.0 = Debug|x64
		{57498D61-AC87-490A-A716-AB63AB61EBEC}.Debug|x64.Deploy.0 = Debug|x64
		{57498D61-AC87-490A-A716-AB63AB61EBEC}.Debug|x86.ActiveCfg = Debug|x86
		{57498D61-AC87-490A-A716-AB63AB61EBEC}.Debug|x86.Build.0 = Debug|x86
		{57498D61-AC87-490A-A716-AB63AB61EBEC}.Debug|x86.Deploy.0 = Debug|x86
		{57498D61-AC87-490A-A716-AB63AB61EBEC}.Release|Any CPU.ActiveCfg = Release|Any CPU
		{57498D61-AC87-490A-A716-AB63AB61EBEC}.Release|Any CPU.Build.0 = Release|Any CPU
		{57498D61-AC87-490A-A716-AB63AB61EBEC}.Release|Any CPU.Deploy.0 = Release|Any CPU
		{57498D61-AC87-490A-A716-AB63AB61EBEC}.Release|ARM.ActiveCfg = Release|ARM
		{57498D61-AC87-490A-A716-AB63AB61EBEC}.Release|ARM.Build.0 = Release|ARM
		{57498D61-AC87-490A-A716-AB63AB61EBEC}.Release|ARM.Deploy.0 = Release|ARM
		{57498D61-AC87-490A-A716-AB63AB61EBEC}.Release|iPhone.ActiveCfg = Release|Any CPU
		{57498D61-AC87-490A-A716-AB63AB61EBEC}.Release|iPhone.Build.0 = Release|Any CPU
		{57498D61-AC87-490A-A716-AB63AB61EBEC}.Release|iPhone.Deploy.0 = Release|Any CPU
		{57498D61-AC87-490A-A716-AB63AB61EBEC}.Release|iPhoneSimulator.ActiveCfg = Release|Any CPU
		{57498D61-AC87-490A-A716-AB63AB61EBEC}.Release|iPhoneSimulator.Build.0 = Release|Any CPU
		{57498D61-AC87-490A-A716-AB63AB61EBEC}.Release|iPhoneSimulator.Deploy.0 = Release|Any CPU
		{57498D61-AC87-490A-A716-AB63AB61EBEC}.Release|x64.ActiveCfg = Release|x64
		{57498D61-AC87-490A-A716-AB63AB61EBEC}.Release|x64.Build.0 = Release|x64
		{57498D61-AC87-490A-A716-AB63AB61EBEC}.Release|x64.Deploy.0 = Release|x64
		{57498D61-AC87-490A-A716-AB63AB61EBEC}.Release|x86.ActiveCfg = Release|x86
		{57498D61-AC87-490A-A716-AB63AB61EBEC}.Release|x86.Build.0 = Release|x86
		{57498D61-AC87-490A-A716-AB63AB61EBEC}.Release|x86.Deploy.0 = Release|x86
		{0974A4F3-19BE-44CF-83F7-5813844F617F}.Ad-Hoc|Any CPU.ActiveCfg = Release|Any CPU
		{0974A4F3-19BE-44CF-83F7-5813844F617F}.Ad-Hoc|Any CPU.Build.0 = Release|Any CPU
		{0974A4F3-19BE-44CF-83F7-5813844F617F}.Ad-Hoc|ARM.ActiveCfg = Release|Any CPU
		{0974A4F3-19BE-44CF-83F7-5813844F617F}.Ad-Hoc|ARM.Build.0 = Release|Any CPU
		{0974A4F3-19BE-44CF-83F7-5813844F617F}.Ad-Hoc|iPhone.ActiveCfg = Release|Any CPU
		{0974A4F3-19BE-44CF-83F7-5813844F617F}.Ad-Hoc|iPhone.Build.0 = Release|Any CPU
		{0974A4F3-19BE-44CF-83F7-5813844F617F}.Ad-Hoc|iPhoneSimulator.ActiveCfg = Release|Any CPU
		{0974A4F3-19BE-44CF-83F7-5813844F617F}.Ad-Hoc|iPhoneSimulator.Build.0 = Release|Any CPU
		{0974A4F3-19BE-44CF-83F7-5813844F617F}.Ad-Hoc|x64.ActiveCfg = Release|Any CPU
		{0974A4F3-19BE-44CF-83F7-5813844F617F}.Ad-Hoc|x64.Build.0 = Release|Any CPU
		{0974A4F3-19BE-44CF-83F7-5813844F617F}.Ad-Hoc|x86.ActiveCfg = Release|Any CPU
		{0974A4F3-19BE-44CF-83F7-5813844F617F}.Ad-Hoc|x86.Build.0 = Release|Any CPU
		{0974A4F3-19BE-44CF-83F7-5813844F617F}.AppStore|Any CPU.ActiveCfg = Release|Any CPU
		{0974A4F3-19BE-44CF-83F7-5813844F617F}.AppStore|Any CPU.Build.0 = Release|Any CPU
		{0974A4F3-19BE-44CF-83F7-5813844F617F}.AppStore|ARM.ActiveCfg = Release|Any CPU
		{0974A4F3-19BE-44CF-83F7-5813844F617F}.AppStore|ARM.Build.0 = Release|Any CPU
		{0974A4F3-19BE-44CF-83F7-5813844F617F}.AppStore|iPhone.ActiveCfg = Release|Any CPU
		{0974A4F3-19BE-44CF-83F7-5813844F617F}.AppStore|iPhone.Build.0 = Release|Any CPU
		{0974A4F3-19BE-44CF-83F7-5813844F617F}.AppStore|iPhoneSimulator.ActiveCfg = Release|Any CPU
		{0974A4F3-19BE-44CF-83F7-5813844F617F}.AppStore|iPhoneSimulator.Build.0 = Release|Any CPU
		{0974A4F3-19BE-44CF-83F7-5813844F617F}.AppStore|x64.ActiveCfg = Release|Any CPU
		{0974A4F3-19BE-44CF-83F7-5813844F617F}.AppStore|x64.Build.0 = Release|Any CPU
		{0974A4F3-19BE-44CF-83F7-5813844F617F}.AppStore|x86.ActiveCfg = Release|Any CPU
		{0974A4F3-19BE-44CF-83F7-5813844F617F}.AppStore|x86.Build.0 = Release|Any CPU
		{0974A4F3-19BE-44CF-83F7-5813844F617F}.Debug|Any CPU.ActiveCfg = Debug|Any CPU
		{0974A4F3-19BE-44CF-83F7-5813844F617F}.Debug|Any CPU.Build.0 = Debug|Any CPU
		{0974A4F3-19BE-44CF-83F7-5813844F617F}.Debug|ARM.ActiveCfg = Debug|Any CPU
		{0974A4F3-19BE-44CF-83F7-5813844F617F}.Debug|ARM.Build.0 = Debug|Any CPU
		{0974A4F3-19BE-44CF-83F7-5813844F617F}.Debug|iPhone.ActiveCfg = Debug|Any CPU
		{0974A4F3-19BE-44CF-83F7-5813844F617F}.Debug|iPhone.Build.0 = Debug|Any CPU
		{0974A4F3-19BE-44CF-83F7-5813844F617F}.Debug|iPhoneSimulator.ActiveCfg = Debug|Any CPU
		{0974A4F3-19BE-44CF-83F7-5813844F617F}.Debug|iPhoneSimulator.Build.0 = Debug|Any CPU
		{0974A4F3-19BE-44CF-83F7-5813844F617F}.Debug|x64.ActiveCfg = Debug|Any CPU
		{0974A4F3-19BE-44CF-83F7-5813844F617F}.Debug|x64.Build.0 = Debug|Any CPU
		{0974A4F3-19BE-44CF-83F7-5813844F617F}.Debug|x86.ActiveCfg = Debug|Any CPU
		{0974A4F3-19BE-44CF-83F7-5813844F617F}.Debug|x86.Build.0 = Debug|Any CPU
		{0974A4F3-19BE-44CF-83F7-5813844F617F}.Release|Any CPU.ActiveCfg = Release|Any CPU
		{0974A4F3-19BE-44CF-83F7-5813844F617F}.Release|Any CPU.Build.0 = Release|Any CPU
		{0974A4F3-19BE-44CF-83F7-5813844F617F}.Release|ARM.ActiveCfg = Release|Any CPU
		{0974A4F3-19BE-44CF-83F7-5813844F617F}.Release|ARM.Build.0 = Release|Any CPU
		{0974A4F3-19BE-44CF-83F7-5813844F617F}.Release|iPhone.ActiveCfg = Release|Any CPU
		{0974A4F3-19BE-44CF-83F7-5813844F617F}.Release|iPhone.Build.0 = Release|Any CPU
		{0974A4F3-19BE-44CF-83F7-5813844F617F}.Release|iPhoneSimulator.ActiveCfg = Release|Any CPU
		{0974A4F3-19BE-44CF-83F7-5813844F617F}.Release|iPhoneSimulator.Build.0 = Release|Any CPU
		{0974A4F3-19BE-44CF-83F7-5813844F617F}.Release|x64.ActiveCfg = Release|Any CPU
		{0974A4F3-19BE-44CF-83F7-5813844F617F}.Release|x64.Build.0 = Release|Any CPU
		{0974A4F3-19BE-44CF-83F7-5813844F617F}.Release|x86.ActiveCfg = Release|Any CPU
		{0974A4F3-19BE-44CF-83F7-5813844F617F}.Release|x86.Build.0 = Release|Any CPU
	EndGlobalSection
	GlobalSection(SolutionProperties) = preSolution
		HideSolutionNode = FALSE
	EndGlobalSection
	GlobalSection(NestedProjects) = preSolution
		{C5155FF0-0D88-4E22-B005-4765BED1711C} = {D533B9A1-8485-40DC-B775-44435CA83BE2}
		{0A87A61E-E506-4B3F-B68B-C269007559AE} = {D533B9A1-8485-40DC-B775-44435CA83BE2}
		{2C1FAB8E-8CA0-4920-8EE7-71A8A96C0330} = {D533B9A1-8485-40DC-B775-44435CA83BE2}
		{1448AD0A-D9AC-4906-A90C-A658B670BAAE} = {D533B9A1-8485-40DC-B775-44435CA83BE2}
		{19266CE4-CE47-4312-8C19-AAF98295A6CF} = {260B1B5D-6B9D-4E2C-BFC5-1CD79AC67AE9}
		{83EFF4ED-97AD-492B-8604-944047BF8CDD} = {260B1B5D-6B9D-4E2C-BFC5-1CD79AC67AE9}
		{28FCC0E7-3EC7-49E2-80AE-3861F61CB46F} = {260B1B5D-6B9D-4E2C-BFC5-1CD79AC67AE9}
		{63E10646-EB01-4560-A980-364ACB0F85EF} = {260B1B5D-6B9D-4E2C-BFC5-1CD79AC67AE9}
		{57498D61-AC87-490A-A716-AB63AB61EBEC} = {260B1B5D-6B9D-4E2C-BFC5-1CD79AC67AE9}
		{0974A4F3-19BE-44CF-83F7-5813844F617F} = {260B1B5D-6B9D-4E2C-BFC5-1CD79AC67AE9}
	EndGlobalSection
EndGlobal
